{
  "name": "physicslab-lang-tools",
  "lockfileVersion": 3,
  "requires": true,
  "packages": {
    "": {
      "name": "physicslab-lang-tools",
      "dependencies": {
        "readability-cyr": "^1.1.1"
      }
    },
    "node_modules/readability-cyr": {
      "version": "1.1.1",
      "resolved": "https://registry.npmjs.org/readability-cyr/-/readability-cyr-1.1.1.tgz",
      "integrity": "sha512-Fp3JUPX75n3cLInl7p4g/oLZRbZ8a+3HoLX+l67/tuZ6vJA4mTEdPEOeMmJCeeHRNHs1R900qqBVU38HuRwspQ==",
      "license": "MIT"
    }
  }
}
